
Microsoft Visual Studio Solution File, Format Version 12.00
# Visual Studio Version 17
VisualStudioVersion = 17.0.32014.148
MinimumVisualStudioVersion = 10.0.40219.1
Project("{FAE04EC0-301F-11D3-BF4B-00C04F79EFBC}") = "lab3NEW", "lab3NEW\lab3NEW.csproj", "{940E5F3B-466C-4813-80A8-0AC809B41A90}"
EndProject
Project("{FAE04EC0-301F-11D3-BF4B-00C04F79EFBC}") = "Books", "Books2\Books.csproj", "{15614FD2-2560-477F-8E9A-FF6487CFC5D4}"
EndProject
Project("{FAE04EC0-301F-11D3-BF4B-00C04F79EFBC}") = "Dogs", "Dogs2\Dogs.csproj", "{7C84F49D-B2BC-45CB-9B0A-A6AE61467089}"
EndProject
Project("{FAE04EC0-301F-11D3-BF4B-00C04F79EFBC}") = "Films", "Films2\Films.csproj", "{4707DE69-F794-4C9B-ACDE-B129F26A8D66}"
EndProject
Project("{FAE04EC0-301F-11D3-BF4B-00C04F79EFBC}") = "Serialization", "Serialization\Serialization.csproj", "{E9C30D2E-8145-4461-B86A-3A3845698995}"
EndProject
Global
	GlobalSection(SolutionConfigurationPlatforms) = preSolution
		Debug|Any CPU = Debug|Any CPU
		Release|Any CPU = Release|Any CPU
	EndGlobalSection
	GlobalSection(ProjectConfigurationPlatforms) = postSolution
		{940E5F3B-466C-4813-80A8-0AC809B41A90}.Debug|Any CPU.ActiveCfg = Debug|Any CPU
		{940E5F3B-466C-4813-80A8-0AC809B41A90}.Debug|Any CPU.Build.0 = Debug|Any CPU
		{940E5F3B-466C-4813-80A8-0AC809B41A90}.Release|Any CPU.ActiveCfg = Release|Any CPU
		{940E5F3B-466C-4813-80A8-0AC809B41A90}.Release|Any CPU.Build.0 = Release|Any CPU
		{15614FD2-2560-477F-8E9A-FF6487CFC5D4}.Debug|Any CPU.ActiveCfg = Debug|Any CPU
		{15614FD2-2560-477F-8E9A-FF6487CFC5D4}.Debug|Any CPU.Build.0 = Debug|Any CPU
		{15614FD2-2560-477F-8E9A-FF6487CFC5D4}.Release|Any CPU.ActiveCfg = Release|Any CPU
		{15614FD2-2560-477F-8E9A-FF6487CFC5D4}.Release|Any CPU.Build.0 = Release|Any CPU
		{7C84F49D-B2BC-45CB-9B0A-A6AE61467089}.Debug|Any CPU.ActiveCfg = Debug|Any CPU
		{7C84F49D-B2BC-45CB-9B0A-A6AE61467089}.Debug|Any CPU.Build.0 = Debug|Any CPU
		{7C84F49D-B2BC-45CB-9B0A-A6AE61467089}.Release|Any CPU.ActiveCfg = Release|Any CPU
		{7C84F49D-B2BC-45CB-9B0A-A6AE61467089}.Release|Any CPU.Build.0 = Release|Any CPU
		{4707DE69-F794-4C9B-ACDE-B129F26A8D66}.Debug|Any CPU.ActiveCfg = Debug|Any CPU
		{4707DE69-F794-4C9B-ACDE-B129F26A8D66}.Debug|Any CPU.Build.0 = Debug|Any CPU
		{4707DE69-F794-4C9B-ACDE-B129F26A8D66}.Release|Any CPU.ActiveCfg = Release|Any CPU
		{4707DE69-F794-4C9B-ACDE-B129F26A8D66}.Release|Any CPU.Build.0 = Release|Any CPU
		{E9C30D2E-8145-4461-B86A-3A3845698995}.Debug|Any CPU.ActiveCfg = Debug|Any CPU
		{E9C30D2E-8145-4461-B86A-3A3845698995}.Debug|Any CPU.Build.0 = Debug|Any CPU
		{E9C30D2E-8145-4461-B86A-3A3845698995}.Release|Any CPU.ActiveCfg = Release|Any CPU
		{E9C30D2E-8145-4461-B86A-3A3845698995}.Release|Any CPU.Build.0 = Release|Any CPU
	EndGlobalSection
	GlobalSection(SolutionProperties) = preSolution
		HideSolutionNode = FALSE
	EndGlobalSection
	GlobalSection(ExtensibilityGlobals) = postSolution
		SolutionGuid = {FAC8EA33-5DD1-4DAD-A78B-77B0A77CD45E}
	EndGlobalSection
EndGlobal
